
Microsoft Visual Studio Solution File, Format Version 12.00
# Visual Studio Version 17
VisualStudioVersion = 17.9.34526.213
MinimumVisualStudioVersion = 10.0.40219.1
Project("{8BC9CEB8-8B4A-11D0-8D11-00A0C91BC942}") = "ScanOCR.Library", "ScanOCR.Library\ScanOCR.Library.vcxproj", "{2F9B3C46-3C1A-47A9-AAC9-1F4B53627416}"
EndProject
Project("{9A19103F-16F7-4668-BE54-9A1E7A4F7556}") = "ScanOCR.CSharpTest", "ScanOCR.CSharpTest\ScanOCR.CSharpTest.csproj", "{86225B03-5A77-4C07-B025-CED322631D4C}"
EndProject
Project("{2150E333-8FDC-42A3-9474-1A3956D46DE8}") = "Core", "Core", "{3E2C2728-02A6-4B20-9763-85BE08AC56DF}"
EndProject
Project("{2150E333-8FDC-42A3-9474-1A3956D46DE8}") = "Debug", "Debug", "{1EACFF4E-E83B-49C3-B3E5-805FDD6A9A23}"
EndProject
Project("{2150E333-8FDC-42A3-9474-1A3956D46DE8}") = "Studio", "Studio", "{84D8B63A-91D3-4F42-9C8B-05FB451B4A2E}"
EndProject
Project("{9A19103F-16F7-4668-BE54-9A1E7A4F7556}") = "ScanOCR", "ScanOCR\ScanOCR.csproj", "{8AFF18AF-6314-4279-B72E-B21FE8DBF3A2}"
EndProject
Project("{2150E333-8FDC-42A3-9474-1A3956D46DE8}") = "Partial", "Partial", "{9B4285BF-7D18-4EBF-B192-054A925C62DB}"
EndProject
Project("{9A19103F-16F7-4668-BE54-9A1E7A4F7556}") = "ScanOCR.Forms", "ScanOCR.Form\ScanOCR.Forms.csproj", "{1A489EA4-3B39-4E9E-90B3-855F5321703B}"
EndProject
Project("{2150E333-8FDC-42A3-9474-1A3956D46DE8}") = "Foundation", "Foundation", "{BB7E0BE7-26E2-42C8-A9A6-CFD3A801C654}"
EndProject
Project("{9A19103F-16F7-4668-BE54-9A1E7A4F7556}") = "ScanOCR.LayoutSupport", "ScanOCR.LayoutSupport\ScanOCR.LayoutSupport.csproj", "{E5D9CBCD-EC0F-4F23-8A37-E4ABBB828A9F}"
EndProject
Project("{8BC9CEB8-8B4A-11D0-8D11-00A0C91BC942}") = "ScanOCR.Test", "ScanOCR.Test\ScanOCR.vcxproj", "{0222AFAA-02D9-48BF-9EB4-F182A96D69C2}"
EndProject
Project("{FAE04EC0-301F-11D3-BF4B-00C04F79EFBC}") = "ScanOCR.Core", "ScanOCR.Core\ScanOCR.Core.csproj", "{375DF6A5-E02E-4A16-970B-563339556F1D}"
EndProject
Project("{FAE04EC0-301F-11D3-BF4B-00C04F79EFBC}") = "ScanOCR.Capture", "ScanOCR.Capture\ScanOCR.Capture.csproj", "{27EF1BD3-3F20-4DB0-8356-6E8C6F96863D}"
EndProject
Global
	GlobalSection(SolutionConfigurationPlatforms) = preSolution
		Debug|Any CPU = Debug|Any CPU
		Debug|x64 = Debug|x64
		Debug|x86 = Debug|x86
		Release|Any CPU = Release|Any CPU
		Release|x64 = Release|x64
		Release|x86 = Release|x86
	EndGlobalSection
	GlobalSection(ProjectConfigurationPlatforms) = postSolution
		{2F9B3C46-3C1A-47A9-AAC9-1F4B53627416}.Debug|Any CPU.ActiveCfg = Debug|x64
		{2F9B3C46-3C1A-47A9-AAC9-1F4B53627416}.Debug|Any CPU.Build.0 = Debug|x64
		{2F9B3C46-3C1A-47A9-AAC9-1F4B53627416}.Debug|x64.ActiveCfg = Debug|x64
		{2F9B3C46-3C1A-47A9-AAC9-1F4B53627416}.Debug|x64.Build.0 = Debug|x64
		{2F9B3C46-3C1A-47A9-AAC9-1F4B53627416}.Debug|x86.ActiveCfg = Debug|Win32
		{2F9B3C46-3C1A-47A9-AAC9-1F4B53627416}.Debug|x86.Build.0 = Debug|Win32
		{2F9B3C46-3C1A-47A9-AAC9-1F4B53627416}.Release|Any CPU.ActiveCfg = Release|x64
		{2F9B3C46-3C1A-47A9-AAC9-1F4B53627416}.Release|Any CPU.Build.0 = Release|x64
		{2F9B3C46-3C1A-47A9-AAC9-1F4B53627416}.Release|x64.ActiveCfg = Release|x64
		{2F9B3C46-3C1A-47A9-AAC9-1F4B53627416}.Release|x64.Build.0 = Release|x64
		{2F9B3C46-3C1A-47A9-AAC9-1F4B53627416}.Release|x86.ActiveCfg = Release|Win32
		{2F9B3C46-3C1A-47A9-AAC9-1F4B53627416}.Release|x86.Build.0 = Release|Win32
		{86225B03-5A77-4C07-B025-CED322631D4C}.Debug|Any CPU.ActiveCfg = Debug|Any CPU
		{86225B03-5A77-4C07-B025-CED322631D4C}.Debug|Any CPU.Build.0 = Debug|Any CPU
		{86225B03-5A77-4C07-B025-CED322631D4C}.Debug|x64.ActiveCfg = Debug|Any CPU
		{86225B03-5A77-4C07-B025-CED322631D4C}.Debug|x64.Build.0 = Debug|Any CPU
		{86225B03-5A77-4C07-B025-CED322631D4C}.Debug|x86.ActiveCfg = Debug|Any CPU
		{86225B03-5A77-4C07-B025-CED322631D4C}.Debug|x86.Build.0 = Debug|Any CPU
		{86225B03-5A77-4C07-B025-CED322631D4C}.Release|Any CPU.ActiveCfg = Release|Any CPU
		{86225B03-5A77-4C07-B025-CED322631D4C}.Release|Any CPU.Build.0 = Release|Any CPU
		{86225B03-5A77-4C07-B025-CED322631D4C}.Release|x64.ActiveCfg = Release|Any CPU
		{86225B03-5A77-4C07-B025-CED322631D4C}.Release|x64.Build.0 = Release|Any CPU
		{86225B03-5A77-4C07-B025-CED322631D4C}.Release|x86.ActiveCfg = Release|Any CPU
		{86225B03-5A77-4C07-B025-CED322631D4C}.Release|x86.Build.0 = Release|Any CPU
		{8AFF18AF-6314-4279-B72E-B21FE8DBF3A2}.Debug|Any CPU.ActiveCfg = Debug|Any CPU
		{8AFF18AF-6314-4279-B72E-B21FE8DBF3A2}.Debug|Any CPU.Build.0 = Debug|Any CPU
		{8AFF18AF-6314-4279-B72E-B21FE8DBF3A2}.Debug|x64.ActiveCfg = Debug|Any CPU
		{8AFF18AF-6314-4279-B72E-B21FE8DBF3A2}.Debug|x64.Build.0 = Debug|Any CPU
		{8AFF18AF-6314-4279-B72E-B21FE8DBF3A2}.Debug|x86.ActiveCfg = Debug|Any CPU
		{8AFF18AF-6314-4279-B72E-B21FE8DBF3A2}.Debug|x86.Build.0 = Debug|Any CPU
		{8AFF18AF-6314-4279-B72E-B21FE8DBF3A2}.Release|Any CPU.ActiveCfg = Release|Any CPU
		{8AFF18AF-6314-4279-B72E-B21FE8DBF3A2}.Release|Any CPU.Build.0 = Release|Any CPU
		{8AFF18AF-6314-4279-B72E-B21FE8DBF3A2}.Release|x64.ActiveCfg = Release|Any CPU
		{8AFF18AF-6314-4279-B72E-B21FE8DBF3A2}.Release|x64.Build.0 = Release|Any CPU
		{8AFF18AF-6314-4279-B72E-B21FE8DBF3A2}.Release|x86.ActiveCfg = Release|Any CPU
		{8AFF18AF-6314-4279-B72E-B21FE8DBF3A2}.Release|x86.Build.0 = Release|Any CPU
		{1A489EA4-3B39-4E9E-90B3-855F5321703B}.Debug|Any CPU.ActiveCfg = Debug|Any CPU
		{1A489EA4-3B39-4E9E-90B3-855F5321703B}.Debug|Any CPU.Build.0 = Debug|Any CPU
		{1A489EA4-3B39-4E9E-90B3-855F5321703B}.Debug|x64.ActiveCfg = Debug|Any CPU
		{1A489EA4-3B39-4E9E-90B3-855F5321703B}.Debug|x64.Build.0 = Debug|Any CPU
		{1A489EA4-3B39-4E9E-90B3-855F5321703B}.Debug|x86.ActiveCfg = Debug|Any CPU
		{1A489EA4-3B39-4E9E-90B3-855F5321703B}.Debug|x86.Build.0 = Debug|Any CPU
		{1A489EA4-3B39-4E9E-90B3-855F5321703B}.Release|Any CPU.ActiveCfg = Release|Any CPU
		{1A489EA4-3B39-4E9E-90B3-855F5321703B}.Release|Any CPU.Build.0 = Release|Any CPU
		{1A489EA4-3B39-4E9E-90B3-855F5321703B}.Release|x64.ActiveCfg = Release|Any CPU
		{1A489EA4-3B39-4E9E-90B3-855F5321703B}.Release|x64.Build.0 = Release|Any CPU
		{1A489EA4-3B39-4E9E-90B3-855F5321703B}.Release|x86.ActiveCfg = Release|Any CPU
		{1A489EA4-3B39-4E9E-90B3-855F5321703B}.Release|x86.Build.0 = Release|Any CPU
		{E5D9CBCD-EC0F-4F23-8A37-E4ABBB828A9F}.Debug|Any CPU.ActiveCfg = Debug|Any CPU
		{E5D9CBCD-EC0F-4F23-8A37-E4ABBB828A9F}.Debug|Any CPU.Build.0 = Debug|Any CPU
		{E5D9CBCD-EC0F-4F23-8A37-E4ABBB828A9F}.Debug|x64.ActiveCfg = Debug|Any CPU
		{E5D9CBCD-EC0F-4F23-8A37-E4ABBB828A9F}.Debug|x64.Build.0 = Debug|Any CPU
		{E5D9CBCD-EC0F-4F23-8A37-E4ABBB828A9F}.Debug|x86.ActiveCfg = Debug|Any CPU
		{E5D9CBCD-EC0F-4F23-8A37-E4ABBB828A9F}.Debug|x86.Build.0 = Debug|Any CPU
		{E5D9CBCD-EC0F-4F23-8A37-E4ABBB828A9F}.Release|Any CPU.ActiveCfg = Release|Any CPU
		{E5D9CBCD-EC0F-4F23-8A37-E4ABBB828A9F}.Release|Any CPU.Build.0 = Release|Any CPU
		{E5D9CBCD-EC0F-4F23-8A37-E4ABBB828A9F}.Release|x64.ActiveCfg = Release|Any CPU
		{E5D9CBCD-EC0F-4F23-8A37-E4ABBB828A9F}.Release|x64.Build.0 = Release|Any CPU
		{E5D9CBCD-EC0F-4F23-8A37-E4ABBB828A9F}.Release|x86.ActiveCfg = Release|Any CPU
		{E5D9CBCD-EC0F-4F23-8A37-E4ABBB828A9F}.Release|x86.Build.0 = Release|Any CPU
		{0222AFAA-02D9-48BF-9EB4-F182A96D69C2}.Debug|Any CPU.ActiveCfg = Debug|x64
		{0222AFAA-02D9-48BF-9EB4-F182A96D69C2}.Debug|Any CPU.Build.0 = Debug|x64
		{0222AFAA-02D9-48BF-9EB4-F182A96D69C2}.Debug|x64.ActiveCfg = Debug|x64
		{0222AFAA-02D9-48BF-9EB4-F182A96D69C2}.Debug|x64.Build.0 = Debug|x64
		{0222AFAA-02D9-48BF-9EB4-F182A96D69C2}.Debug|x86.ActiveCfg = Debug|Win32
		{0222AFAA-02D9-48BF-9EB4-F182A96D69C2}.Debug|x86.Build.0 = Debug|Win32
		{0222AFAA-02D9-48BF-9EB4-F182A96D69C2}.Release|Any CPU.ActiveCfg = Release|x64
		{0222AFAA-02D9-48BF-9EB4-F182A96D69C2}.Release|Any CPU.Build.0 = Release|x64
		{0222AFAA-02D9-48BF-9EB4-F182A96D69C2}.Release|x64.ActiveCfg = Release|x64
		{0222AFAA-02D9-48BF-9EB4-F182A96D69C2}.Release|x64.Build.0 = Release|x64
		{0222AFAA-02D9-48BF-9EB4-F182A96D69C2}.Release|x86.ActiveCfg = Release|Win32
		{0222AFAA-02D9-48BF-9EB4-F182A96D69C2}.Release|x86.Build.0 = Release|Win32
		{375DF6A5-E02E-4A16-970B-563339556F1D}.Debug|Any CPU.ActiveCfg = Debug|Any CPU
		{375DF6A5-E02E-4A16-970B-563339556F1D}.Debug|Any CPU.Build.0 = Debug|Any CPU
		{375DF6A5-E02E-4A16-970B-563339556F1D}.Debug|x64.ActiveCfg = Debug|Any CPU
		{375DF6A5-E02E-4A16-970B-563339556F1D}.Debug|x64.Build.0 = Debug|Any CPU
		{375DF6A5-E02E-4A16-970B-563339556F1D}.Debug|x86.ActiveCfg = Debug|Any CPU
		{375DF6A5-E02E-4A16-970B-563339556F1D}.Debug|x86.Build.0 = Debug|Any CPU
		{375DF6A5-E02E-4A16-970B-563339556F1D}.Release|Any CPU.ActiveCfg = Release|Any CPU
		{375DF6A5-E02E-4A16-970B-563339556F1D}.Release|Any CPU.Build.0 = Release|Any CPU
		{375DF6A5-E02E-4A16-970B-563339556F1D}.Release|x64.ActiveCfg = Release|Any CPU
		{375DF6A5-E02E-4A16-970B-563339556F1D}.Release|x64.Build.0 = Release|Any CPU
		{375DF6A5-E02E-4A16-970B-563339556F1D}.Release|x86.ActiveCfg = Release|Any CPU
		{375DF6A5-E02E-4A16-970B-563339556F1D}.Release|x86.Build.0 = Release|Any CPU
		{27EF1BD3-3F20-4DB0-8356-6E8C6F96863D}.Debug|Any CPU.ActiveCfg = Debug|Any CPU
		{27EF1BD3-3F20-4DB0-8356-6E8C6F96863D}.Debug|Any CPU.Build.0 = Debug|Any CPU
		{27EF1BD3-3F20-4DB0-8356-6E8C6F96863D}.Debug|x64.ActiveCfg = Debug|Any CPU
		{27EF1BD3-3F20-4DB0-8356-6E8C6F96863D}.Debug|x64.Build.0 = Debug|Any CPU
		{27EF1BD3-3F20-4DB0-8356-6E8C6F96863D}.Debug|x86.ActiveCfg = Debug|Any CPU
		{27EF1BD3-3F20-4DB0-8356-6E8C6F96863D}.Debug|x86.Build.0 = Debug|Any CPU
		{27EF1BD3-3F20-4DB0-8356-6E8C6F96863D}.Release|Any CPU.ActiveCfg = Release|Any CPU
		{27EF1BD3-3F20-4DB0-8356-6E8C6F96863D}.Release|Any CPU.Build.0 = Release|Any CPU
		{27EF1BD3-3F20-4DB0-8356-6E8C6F96863D}.Release|x64.ActiveCfg = Release|Any CPU
		{27EF1BD3-3F20-4DB0-8356-6E8C6F96863D}.Release|x64.Build.0 = Release|Any CPU
		{27EF1BD3-3F20-4DB0-8356-6E8C6F96863D}.Release|x86.ActiveCfg = Release|Any CPU
		{27EF1BD3-3F20-4DB0-8356-6E8C6F96863D}.Release|x86.Build.0 = Release|Any CPU
	EndGlobalSection
	GlobalSection(SolutionProperties) = preSolution
		HideSolutionNode = FALSE
	EndGlobalSection
	GlobalSection(NestedProjects) = preSolution
		{2F9B3C46-3C1A-47A9-AAC9-1F4B53627416} = {3E2C2728-02A6-4B20-9763-85BE08AC56DF}
		{86225B03-5A77-4C07-B025-CED322631D4C} = {1EACFF4E-E83B-49C3-B3E5-805FDD6A9A23}
		{8AFF18AF-6314-4279-B72E-B21FE8DBF3A2} = {84D8B63A-91D3-4F42-9C8B-05FB451B4A2E}
		{1A489EA4-3B39-4E9E-90B3-855F5321703B} = {9B4285BF-7D18-4EBF-B192-054A925C62DB}
		{E5D9CBCD-EC0F-4F23-8A37-E4ABBB828A9F} = {BB7E0BE7-26E2-42C8-A9A6-CFD3A801C654}
		{0222AFAA-02D9-48BF-9EB4-F182A96D69C2} = {1EACFF4E-E83B-49C3-B3E5-805FDD6A9A23}
		{375DF6A5-E02E-4A16-970B-563339556F1D} = {3E2C2728-02A6-4B20-9763-85BE08AC56DF}
		{27EF1BD3-3F20-4DB0-8356-6E8C6F96863D} = {9B4285BF-7D18-4EBF-B192-054A925C62DB}
	EndGlobalSection
	GlobalSection(ExtensibilityGlobals) = postSolution
		SolutionGuid = {7D51241F-0634-4F76-AD14-A03E1C33C1EC}
	EndGlobalSection
EndGlobal
